
Microsoft Visual Studio Solution File, Format Version 12.00
# Visual Studio 15
VisualStudioVersion = 15.0.26430.12
MinimumVisualStudioVersion = 10.0.40219.1
Project("{FAE04EC0-301F-11D3-BF4B-00C04F79EFBC}") = "AdvProg2WebApp", "AdvProg2WebApp\AdvProg2WebApp.csproj", "{2C57E51D-07CC-412E-B865-4637707C2C47}"
EndProject
Project("{FAE04EC0-301F-11D3-BF4B-00C04F79EFBC}") = "SearchAlgorithmsLib", "SearchAlgorithmsLib\SearchAlgorithmsLib.csproj", "{B9052935-CCF9-49FE-AA71-C56F1892779F}"
EndProject
Global
	GlobalSection(SolutionConfigurationPlatforms) = preSolution
		Debug|Any CPU = Debug|Any CPU
		Release|Any CPU = Release|Any CPU
	EndGlobalSection
	GlobalSection(ProjectConfigurationPlatforms) = postSolution
		{2C57E51D-07CC-412E-B865-4637707C2C47}.Debug|Any CPU.ActiveCfg = Debug|Any CPU
		{2C57E51D-07CC-412E-B865-4637707C2C47}.Debug|Any CPU.Build.0 = Debug|Any CPU
		{2C57E51D-07CC-412E-B865-4637707C2C47}.Release|Any CPU.ActiveCfg = Release|Any CPU
		{2C57E51D-07CC-412E-B865-4637707C2C47}.Release|Any CPU.Build.0 = Release|Any CPU
		{B9052935-CCF9-49FE-AA71-C56F1892779F}.Debug|Any CPU.ActiveCfg = Debug|Any CPU
		{B9052935-CCF9-49FE-AA71-C56F1892779F}.Debug|Any CPU.Build.0 = Debug|Any CPU
		{B9052935-CCF9-49FE-AA71-C56F1892779F}.Release|Any CPU.ActiveCfg = Release|Any CPU
		{B9052935-CCF9-49FE-AA71-C56F1892779F}.Release|Any CPU.Build.0 = Release|Any CPU
	EndGlobalSection
	GlobalSection(SolutionProperties) = preSolution
		HideSolutionNode = FALSE
	EndGlobalSection
EndGlobal
